
Microsoft Visual Studio Solution File, Format Version 12.00
# Visual Studio Version 17
VisualStudioVersion = 17.3.32929.385
MinimumVisualStudioVersion = 10.0.40219.1
Project("{FAE04EC0-301F-11D3-BF4B-00C04F79EFBC}") = "PlaywrightXUnit", "PlaywrightXUnit\PlaywrightXUnit.csproj", "{6E457A59-64FA-4366-BE9A-89CF914D0D8B}"
EndProject
Global
	GlobalSection(SolutionConfigurationPlatforms) = preSolution
		Debug|Any CPU = Debug|Any CPU
		Release|Any CPU = Release|Any CPU
	EndGlobalSection
	GlobalSection(ProjectConfigurationPlatforms) = postSolution
		{6E457A59-64FA-4366-BE9A-89CF914D0D8B}.Debug|Any CPU.ActiveCfg = Debug|Any CPU
		{6E457A59-64FA-4366-BE9A-89CF914D0D8B}.Debug|Any CPU.Build.0 = Debug|Any CPU
		{6E457A59-64FA-4366-BE9A-89CF914D0D8B}.Release|Any CPU.ActiveCfg = Release|Any CPU
		{6E457A59-64FA-4366-BE9A-89CF914D0D8B}.Release|Any CPU.Build.0 = Release|Any CPU
	EndGlobalSection
	GlobalSection(SolutionProperties) = preSolution
		HideSolutionNode = FALSE
	EndGlobalSection
	GlobalSection(ExtensibilityGlobals) = postSolution
		SolutionGuid = {8FE4370E-789E-4414-BFA7-67807C0F4131}
	EndGlobalSection
EndGlobal
